
Microsoft Visual Studio Solution File, Format Version 12.00
Project("{FAE04EC0-301F-11D3-BF4B-00C04F79EFBC}") = "MutationTesting.Example", "MutationTesting.Example\MutationTesting.Example.csproj", "{318AFC1A-BCCD-4D2C-A8DB-84B3783EEC48}"
EndProject
Project("{FAE04EC0-301F-11D3-BF4B-00C04F79EFBC}") = "MutationTesting.Tests", "MutationTesting.Tests\MutationTesting.Tests.csproj", "{99CE0D52-50FA-42AF-9B8C-FF05A25849C9}"
EndProject
Global
	GlobalSection(SolutionConfigurationPlatforms) = preSolution
		Debug|Any CPU = Debug|Any CPU
		Release|Any CPU = Release|Any CPU
	EndGlobalSection
	GlobalSection(ProjectConfigurationPlatforms) = postSolution
		{318AFC1A-BCCD-4D2C-A8DB-84B3783EEC48}.Debug|Any CPU.ActiveCfg = Debug|Any CPU
		{318AFC1A-BCCD-4D2C-A8DB-84B3783EEC48}.Debug|Any CPU.Build.0 = Debug|Any CPU
		{99CE0D52-50FA-42AF-9B8C-FF05A25849C9}.Debug|Any CPU.ActiveCfg = Debug|Any CPU
		{99CE0D52-50FA-42AF-9B8C-FF05A25849C9}.Debug|Any CPU.Build.0 = Debug|Any CPU
		{99CE0D52-50FA-42AF-9B8C-FF05A25849C9}.Release|Any CPU.ActiveCfg = Release|Any CPU
		{99CE0D52-50FA-42AF-9B8C-FF05A25849C9}.Release|Any CPU.Build.0 = Release|Any CPU
	EndGlobalSection
EndGlobal
